<?xml version="1.0" encoding="utf-8"?>
<Project ToolsVersion="4.0" xmlns="http://schemas.microsoft.com/developer/msbuild/2003">
  <ItemGroup>
    <Filter Include="소스 파일">
      <UniqueIdentifier>{4FC737F1-C7A5-4376-A066-2A32D752A2FF}</UniqueIdentifier>
      <Extensions>cpp;c;cc;cxx;c++;cppm;ixx;def;odl;idl;hpj;bat;asm;asmx</Extensions>
    </Filter>
    <Filter Include="헤더 파일">
      <UniqueIdentifier>{93995380-89BD-4b04-88EB-625FBE52EBFB}</UniqueIdentifier>
      <Extensions>h;hh;hpp;hxx;h++;hm;inl;inc;ipp;xsd</Extensions>
    </Filter>
    <Filter Include="리소스 파일">
      <UniqueIdentifier>{67DA6AB6-F800-4c08-8B7A-83BB121AAD01}</UniqueIdentifier>
      <Extensions>rc;ico;cur;bmp;dlg;rc2;rct;bin;rgs;gif;jpg;jpeg;jpe;resx;tiff;tif;png;wav;mfcribbon-ms</Extensions>
    </Filter>
  </ItemGroup>
  <ItemGroup>
    <ClCompile Include="No. 1330.cpp">
      <Filter>소스 파일</Filter>
    </ClCompile>
    <ClCompile Include="No. 9498.cpp">
      <Filter>소스 파일</Filter>
    </ClCompile>
    <ClCompile Include="No. 2753 윤년.cpp">
      <Filter>소스 파일</Filter>
    </ClCompile>
    <ClCompile Include="No. 14681 사분면02.cpp">
      <Filter>소스 파일</Filter>
    </ClCompile>
    <ClCompile Include="No. 2739 구구단.cpp">
      <Filter>소스 파일</Filter>
    </ClCompile>
    <ClCompile Include="No. 10950 A+B-3.cpp">
      <Filter>소스 파일</Filter>
    </ClCompile>
    <ClCompile Include="No. 8393 N까지의 합.cpp">
      <Filter>소스 파일</Filter>
    </ClCompile>
    <ClCompile Include="No. 15552 빠른 A+B.cpp">
      <Filter>소스 파일</Filter>
    </ClCompile>
    <ClCompile Include="No. 2741 N찍기.cpp">
      <Filter>소스 파일</Filter>
    </ClCompile>
    <ClCompile Include="No. 2438 별찍기.cpp">
      <Filter>소스 파일</Filter>
    </ClCompile>
    <ClCompile Include="No. 10871 X보다 작은 수.cpp">
      <Filter>소스 파일</Filter>
    </ClCompile>
    <ClCompile Include="No. 10952 A+B .cpp">
      <Filter>소스 파일</Filter>
    </ClCompile>
    <ClCompile Include="No. 1110 앞뒤숫자 더해서 원상태로 만들기.cpp">
      <Filter>소스 파일</Filter>
    </ClCompile>
    <ClCompile Include="소스.cpp">
      <Filter>소스 파일</Filter>
    </ClCompile>
    <ClCompile Include="No. 10818 최대최소 .cpp">
      <Filter>소스 파일</Filter>
    </ClCompile>
    <ClCompile Include="No. 2577 숫자의 개수.cpp">
      <Filter>소스 파일</Filter>
    </ClCompile>
    <ClCompile Include="No. 4673 셀프넘버.cpp">
      <Filter>소스 파일</Filter>
    </ClCompile>
    <ClCompile Include="No. 1065 한수.cpp">
      <Filter>소스 파일</Filter>
    </ClCompile>
    <ClCompile Include="No. 11654 아스키코드 .cpp">
      <Filter>소스 파일</Filter>
    </ClCompile>
  </ItemGroup>
  <ItemGroup>
    <None Include="No. 14681 사분면.cpp">
      <Filter>소스 파일</Filter>
    </None>
    <None Include="No. 2742 N찍기 02.cpp">
      <Filter>소스 파일</Filter>
    </None>
    <None Include="No. 11720 숫자의 합.cpp">
      <Filter>소스 파일</Filter>
    </None>
  </ItemGroup>
</Project>